
Microsoft Visual Studio Solution File, Format Version 12.00
# Visual Studio 15
VisualStudioVersion = 15.0.28307.168
MinimumVisualStudioVersion = 10.0.40219.1
Project("{FAE04EC0-301F-11D3-BF4B-00C04F79EFBC}") = "Tali1.0", "Tali1.0\TaliBot\Tali1.0.csproj", "{553B8F01-F0A9-411D-95BD-5D8211963267}"
EndProject
Global
	GlobalSection(SolutionConfigurationPlatforms) = preSolution
		Debug|Any CPU = Debug|Any CPU
		Release|Any CPU = Release|Any CPU
	EndGlobalSection
	GlobalSection(ProjectConfigurationPlatforms) = postSolution
		{553B8F01-F0A9-411D-95BD-5D8211963267}.Debug|Any CPU.ActiveCfg = Debug|Any CPU
		{553B8F01-F0A9-411D-95BD-5D8211963267}.Debug|Any CPU.Build.0 = Debug|Any CPU
		{553B8F01-F0A9-411D-95BD-5D8211963267}.Release|Any CPU.ActiveCfg = Release|Any CPU
		{553B8F01-F0A9-411D-95BD-5D8211963267}.Release|Any CPU.Build.0 = Release|Any CPU
	EndGlobalSection
	GlobalSection(SolutionProperties) = preSolution
		HideSolutionNode = FALSE
	EndGlobalSection
	GlobalSection(ExtensibilityGlobals) = postSolution
		SolutionGuid = {D95EB7D4-0DE0-4645-9624-EA9B5FECF4C1}
	EndGlobalSection
EndGlobal
